
Microsoft Visual Studio Solution File, Format Version 12.00
# Visual Studio Version 17
VisualStudioVersion = 17.11.35312.102
MinimumVisualStudioVersion = 10.0.40219.1
Project("{FAE04EC0-301F-11D3-BF4B-00C04F79EFBC}") = "Catgeory_Ef", "Catgeory_Ef\Catgeory_Ef.csproj", "{89DD032A-CC1E-4062-89FF-B9E5DCBDC458}"
EndProject
Global
	GlobalSection(SolutionConfigurationPlatforms) = preSolution
		Debug|Any CPU = Debug|Any CPU
		Release|Any CPU = Release|Any CPU
	EndGlobalSection
	GlobalSection(ProjectConfigurationPlatforms) = postSolution
		{89DD032A-CC1E-4062-89FF-B9E5DCBDC458}.Debug|Any CPU.ActiveCfg = Debug|Any CPU
		{89DD032A-CC1E-4062-89FF-B9E5DCBDC458}.Debug|Any CPU.Build.0 = Debug|Any CPU
		{89DD032A-CC1E-4062-89FF-B9E5DCBDC458}.Release|Any CPU.ActiveCfg = Release|Any CPU
		{89DD032A-CC1E-4062-89FF-B9E5DCBDC458}.Release|Any CPU.Build.0 = Release|Any CPU
	EndGlobalSection
	GlobalSection(SolutionProperties) = preSolution
		HideSolutionNode = FALSE
	EndGlobalSection
	GlobalSection(ExtensibilityGlobals) = postSolution
		SolutionGuid = {08D54659-258C-4775-9311-65C154635355}
	EndGlobalSection
EndGlobal
